
Microsoft Visual Studio Solution File, Format Version 12.00
# Visual Studio Version 17
VisualStudioVersion = 17.0.31717.71
MinimumVisualStudioVersion = 10.0.40219.1
Project("{9A19103F-16F7-4668-BE54-9A1E7A4F7556}") = "NameGenerator", "NameGenerator.csproj", "{FE61462D-CB32-406F-A905-F104834E47FD}"
EndProject
Global
	GlobalSection(SolutionConfigurationPlatforms) = preSolution
		Debug|Any CPU = Debug|Any CPU
		Release|Any CPU = Release|Any CPU
	EndGlobalSection
	GlobalSection(ProjectConfigurationPlatforms) = postSolution
		{FE61462D-CB32-406F-A905-F104834E47FD}.Debug|Any CPU.ActiveCfg = Debug|Any CPU
		{FE61462D-CB32-406F-A905-F104834E47FD}.Debug|Any CPU.Build.0 = Debug|Any CPU
		{FE61462D-CB32-406F-A905-F104834E47FD}.Release|Any CPU.ActiveCfg = Release|Any CPU
		{FE61462D-CB32-406F-A905-F104834E47FD}.Release|Any CPU.Build.0 = Release|Any CPU
	EndGlobalSection
	GlobalSection(SolutionProperties) = preSolution
		HideSolutionNode = FALSE
	EndGlobalSection
	GlobalSection(ExtensibilityGlobals) = postSolution
		SolutionGuid = {C8C30CDD-D63B-410D-AB3A-6B67CC593D2D}
	EndGlobalSection
EndGlobal